
Microsoft Visual Studio Solution File, Format Version 12.00
# Visual Studio Version 17
VisualStudioVersion = 17.11.35219.272
MinimumVisualStudioVersion = 10.0.40219.1
Project("{9A19103F-16F7-4668-BE54-9A1E7A4F7556}") = "UnitTestingSimple", "UnitTestingSimple\UnitTestingSimple.csproj", "{46048CE4-E231-484D-B2C6-3C2539EB2A55}"
EndProject
Project("{FAE04EC0-301F-11D3-BF4B-00C04F79EFBC}") = "UnitTestingSimple.UnitTest", "UnitTestingSimple.UnitTest\UnitTestingSimple.UnitTest.csproj", "{04315151-FE0C-45F6-849E-F66A890F7AD7}"
EndProject
Global
	GlobalSection(SolutionConfigurationPlatforms) = preSolution
		Debug|Any CPU = Debug|Any CPU
		Release|Any CPU = Release|Any CPU
	EndGlobalSection
	GlobalSection(ProjectConfigurationPlatforms) = postSolution
		{46048CE4-E231-484D-B2C6-3C2539EB2A55}.Debug|Any CPU.ActiveCfg = Debug|Any CPU
		{46048CE4-E231-484D-B2C6-3C2539EB2A55}.Debug|Any CPU.Build.0 = Debug|Any CPU
		{46048CE4-E231-484D-B2C6-3C2539EB2A55}.Release|Any CPU.ActiveCfg = Release|Any CPU
		{46048CE4-E231-484D-B2C6-3C2539EB2A55}.Release|Any CPU.Build.0 = Release|Any CPU
		{04315151-FE0C-45F6-849E-F66A890F7AD7}.Debug|Any CPU.ActiveCfg = Debug|Any CPU
		{04315151-FE0C-45F6-849E-F66A890F7AD7}.Debug|Any CPU.Build.0 = Debug|Any CPU
		{04315151-FE0C-45F6-849E-F66A890F7AD7}.Release|Any CPU.ActiveCfg = Release|Any CPU
		{04315151-FE0C-45F6-849E-F66A890F7AD7}.Release|Any CPU.Build.0 = Release|Any CPU
	EndGlobalSection
	GlobalSection(SolutionProperties) = preSolution
		HideSolutionNode = FALSE
	EndGlobalSection
	GlobalSection(ExtensibilityGlobals) = postSolution
		SolutionGuid = {A63BDBC1-5DE5-4450-94E4-577E1147F6B7}
	EndGlobalSection
EndGlobal
